
Microsoft Visual Studio Solution File, Format Version 11.00
# Visual Studio 2010
Project("{2150E333-8FDC-42A3-9474-1A3956D46DE8}") = "Editor", "Editor", "{79E3D6D0-8F23-4B5E-845B-E5863B2B81C8}"
EndProject
Project("{2150E333-8FDC-42A3-9474-1A3956D46DE8}") = "Extensions", "Extensions", "{041A5A2E-B0FC-436C-8CBF-FC52E275757C}"
EndProject
Project("{FAE04EC0-301F-11D3-BF4B-00C04F79EFBC}") = "Star", "STAR\Star.csproj", "{997F5954-086F-4E2E-8C3A-B688913F5DD5}"
EndProject
Project("{FAE04EC0-301F-11D3-BF4B-00C04F79EFBC}") = "StarEdit", "StarEdit\StarEdit.csproj", "{B8F463D4-05DB-47ED-987C-1447EC798192}"
	ProjectSection(ProjectDependencies) = postProject
		{F4CC546E-DB15-4471-A9AF-D0D75CCC59C5} = {F4CC546E-DB15-4471-A9AF-D0D75CCC59C5}
	EndProjectSection
EndProject
Project("{FAE04EC0-301F-11D3-BF4B-00C04F79EFBC}") = "StarEditContent", "StarEdit\StarEditContent\StarEditContent.contentproj", "{F4CC546E-DB15-4471-A9AF-D0D75CCC59C5}"
EndProject
Project("{FAE04EC0-301F-11D3-BF4B-00C04F79EFBC}") = "AStar", "AStar\AStar.csproj", "{011FBBBB-63EE-4DEF-BC25-FF5D6FED5151}"
EndProject
Project("{FAE04EC0-301F-11D3-BF4B-00C04F79EFBC}") = "XNAParticleSystem", "XNAParticleSystem\XNAParticleSystem.csproj", "{DD54DC38-8EEE-4C55-AA33-234F6B5B21A5}"
	ProjectSection(ProjectDependencies) = postProject
		{ECCB76D0-E2DE-4BEF-A214-380EEB68EDD9} = {ECCB76D0-E2DE-4BEF-A214-380EEB68EDD9}
	EndProjectSection
EndProject
Project("{FAE04EC0-301F-11D3-BF4B-00C04F79EFBC}") = "AStarContent", "AStar\Content\AStarContent.contentproj", "{BCE3ACB3-047F-4972-B20E-7CCD12569656}"
EndProject
Project("{FAE04EC0-301F-11D3-BF4B-00C04F79EFBC}") = "XNAParticleSystemContent", "XNAParticleSystem\Content\XNAParticleSystemContent.contentproj", "{46B4BD5F-84B7-47D8-9E3F-DDE2D0E78043}"
EndProject
Project("{FAE04EC0-301F-11D3-BF4B-00C04F79EFBC}") = "STARContent", "STAR\Content\STARContent.contentproj", "{80E2191B-6F95-4F75-BEE3-215725B4121E}"
EndProject
Project("{8BC9CEB8-8B4A-11D0-8D11-00A0C91BC942}") = "cudaParticleEngine", "cudaParticleEngine3_2\cudaParticleEngine3_2\cudaParticleEngine3_2.vcxproj", "{ECCB76D0-E2DE-4BEF-A214-380EEB68EDD9}"
EndProject
Project("{2150E333-8FDC-42A3-9474-1A3956D46DE8}") = "Contents", "Contents", "{7D0F9228-18DB-41DF-ADDF-5B87BF2BDDBD}"
EndProject
Global
	GlobalSection(SolutionConfigurationPlatforms) = preSolution
		Debug|Any CPU = Debug|Any CPU
		Debug|Mixed Platforms = Debug|Mixed Platforms
		Debug|Win32 = Debug|Win32
		Debug|x86 = Debug|x86
		FinalRelease|Any CPU = FinalRelease|Any CPU
		FinalRelease|Mixed Platforms = FinalRelease|Mixed Platforms
		FinalRelease|Win32 = FinalRelease|Win32
		FinalRelease|x86 = FinalRelease|x86
		OptimizedDebug|Any CPU = OptimizedDebug|Any CPU
		OptimizedDebug|Mixed Platforms = OptimizedDebug|Mixed Platforms
		OptimizedDebug|Win32 = OptimizedDebug|Win32
		OptimizedDebug|x86 = OptimizedDebug|x86
		Release No Debug|Any CPU = Release No Debug|Any CPU
		Release No Debug|Mixed Platforms = Release No Debug|Mixed Platforms
		Release No Debug|Win32 = Release No Debug|Win32
		Release No Debug|x86 = Release No Debug|x86
		Release|Any CPU = Release|Any CPU
		Release|Mixed Platforms = Release|Mixed Platforms
		Release|Win32 = Release|Win32
		Release|x86 = Release|x86
	EndGlobalSection
	GlobalSection(ProjectConfigurationPlatforms) = postSolution
		{997F5954-086F-4E2E-8C3A-B688913F5DD5}.Debug|Any CPU.ActiveCfg = Debug|x86
		{997F5954-086F-4E2E-8C3A-B688913F5DD5}.Debug|Mixed Platforms.ActiveCfg = Debug|x86
		{997F5954-086F-4E2E-8C3A-B688913F5DD5}.Debug|Mixed Platforms.Build.0 = Debug|x86
		{997F5954-086F-4E2E-8C3A-B688913F5DD5}.Debug|Win32.ActiveCfg = Debug|x86
		{997F5954-086F-4E2E-8C3A-B688913F5DD5}.Debug|x86.ActiveCfg = Debug|x86
		{997F5954-086F-4E2E-8C3A-B688913F5DD5}.Debug|x86.Build.0 = Debug|x86
		{997F5954-086F-4E2E-8C3A-B688913F5DD5}.FinalRelease|Any CPU.ActiveCfg = FinalRelease|x86
		{997F5954-086F-4E2E-8C3A-B688913F5DD5}.FinalRelease|Mixed Platforms.ActiveCfg = FinalRelease|x86
		{997F5954-086F-4E2E-8C3A-B688913F5DD5}.FinalRelease|Mixed Platforms.Build.0 = FinalRelease|x86
		{997F5954-086F-4E2E-8C3A-B688913F5DD5}.FinalRelease|Win32.ActiveCfg = FinalRelease|x86
		{997F5954-086F-4E2E-8C3A-B688913F5DD5}.FinalRelease|x86.ActiveCfg = FinalRelease|x86
		{997F5954-086F-4E2E-8C3A-B688913F5DD5}.FinalRelease|x86.Build.0 = FinalRelease|x86
		{997F5954-086F-4E2E-8C3A-B688913F5DD5}.OptimizedDebug|Any CPU.ActiveCfg = Release|x86
		{997F5954-086F-4E2E-8C3A-B688913F5DD5}.OptimizedDebug|Mixed Platforms.ActiveCfg = Release|x86
		{997F5954-086F-4E2E-8C3A-B688913F5DD5}.OptimizedDebug|Mixed Platforms.Build.0 = Release|x86
		{997F5954-086F-4E2E-8C3A-B688913F5DD5}.OptimizedDebug|Win32.ActiveCfg = Release|x86
		{997F5954-086F-4E2E-8C3A-B688913F5DD5}.OptimizedDebug|x86.ActiveCfg = Release|x86
		{997F5954-086F-4E2E-8C3A-B688913F5DD5}.OptimizedDebug|x86.Build.0 = Release|x86
		{997F5954-086F-4E2E-8C3A-B688913F5DD5}.Release No Debug|Any CPU.ActiveCfg = Release|x86
		{997F5954-086F-4E2E-8C3A-B688913F5DD5}.Release No Debug|Mixed Platforms.ActiveCfg = Release|x86
		{997F5954-086F-4E2E-8C3A-B688913F5DD5}.Release No Debug|Mixed Platforms.Build.0 = Release|x86
		{997F5954-086F-4E2E-8C3A-B688913F5DD5}.Release No Debug|Win32.ActiveCfg = Release|x86
		{997F5954-086F-4E2E-8C3A-B688913F5DD5}.Release No Debug|x86.ActiveCfg = Debug|x86
		{997F5954-086F-4E2E-8C3A-B688913F5DD5}.Release No Debug|x86.Build.0 = Debug|x86
		{997F5954-086F-4E2E-8C3A-B688913F5DD5}.Release|Any CPU.ActiveCfg = Release|x86
		{997F5954-086F-4E2E-8C3A-B688913F5DD5}.Release|Mixed Platforms.ActiveCfg = Release|x86
		{997F5954-086F-4E2E-8C3A-B688913F5DD5}.Release|Mixed Platforms.Build.0 = Release|x86
		{997F5954-086F-4E2E-8C3A-B688913F5DD5}.Release|Win32.ActiveCfg = Release|x86
		{997F5954-086F-4E2E-8C3A-B688913F5DD5}.Release|x86.ActiveCfg = Release|x86
		{997F5954-086F-4E2E-8C3A-B688913F5DD5}.Release|x86.Build.0 = Release|x86
		{B8F463D4-05DB-47ED-987C-1447EC798192}.Debug|Any CPU.ActiveCfg = Debug|Any CPU
		{B8F463D4-05DB-47ED-987C-1447EC798192}.Debug|Any CPU.Build.0 = Debug|Any CPU
		{B8F463D4-05DB-47ED-987C-1447EC798192}.Debug|Mixed Platforms.ActiveCfg = Debug|Any CPU
		{B8F463D4-05DB-47ED-987C-1447EC798192}.Debug|Mixed Platforms.Build.0 = Debug|Any CPU
		{B8F463D4-05DB-47ED-987C-1447EC798192}.Debug|Win32.ActiveCfg = Debug|x86
		{B8F463D4-05DB-47ED-987C-1447EC798192}.Debug|x86.ActiveCfg = Debug|x86
		{B8F463D4-05DB-47ED-987C-1447EC798192}.Debug|x86.Build.0 = Debug|x86
		{B8F463D4-05DB-47ED-987C-1447EC798192}.FinalRelease|Any CPU.ActiveCfg = FinalRelease|Any CPU
		{B8F463D4-05DB-47ED-987C-1447EC798192}.FinalRelease|Any CPU.Build.0 = FinalRelease|Any CPU
		{B8F463D4-05DB-47ED-987C-1447EC798192}.FinalRelease|Mixed Platforms.ActiveCfg = FinalRelease|x86
		{B8F463D4-05DB-47ED-987C-1447EC798192}.FinalRelease|Mixed Platforms.Build.0 = FinalRelease|x86
		{B8F463D4-05DB-47ED-987C-1447EC798192}.FinalRelease|Win32.ActiveCfg = FinalRelease|x86
		{B8F463D4-05DB-47ED-987C-1447EC798192}.FinalRelease|x86.ActiveCfg = FinalRelease|x86
		{B8F463D4-05DB-47ED-987C-1447EC798192}.FinalRelease|x86.Build.0 = FinalRelease|x86
		{B8F463D4-05DB-47ED-987C-1447EC798192}.OptimizedDebug|Any CPU.ActiveCfg = Release|Any CPU
		{B8F463D4-05DB-47ED-987C-1447EC798192}.OptimizedDebug|Any CPU.Build.0 = Release|Any CPU
		{B8F463D4-05DB-47ED-987C-1447EC798192}.OptimizedDebug|Mixed Platforms.ActiveCfg = Release|Any CPU
		{B8F463D4-05DB-47ED-987C-1447EC798192}.OptimizedDebug|Mixed Platforms.Build.0 = Release|Any CPU
		{B8F463D4-05DB-47ED-987C-1447EC798192}.OptimizedDebug|Win32.ActiveCfg = Release|x86
		{B8F463D4-05DB-47ED-987C-1447EC798192}.OptimizedDebug|x86.ActiveCfg = Release|x86
		{B8F463D4-05DB-47ED-987C-1447EC798192}.OptimizedDebug|x86.Build.0 = Release|x86
		{B8F463D4-05DB-47ED-987C-1447EC798192}.Release No Debug|Any CPU.ActiveCfg = Debug|Any CPU
		{B8F463D4-05DB-47ED-987C-1447EC798192}.Release No Debug|Any CPU.Build.0 = Debug|Any CPU
		{B8F463D4-05DB-47ED-987C-1447EC798192}.Release No Debug|Mixed Platforms.ActiveCfg = Release|x86
		{B8F463D4-05DB-47ED-987C-1447EC798192}.Release No Debug|Mixed Platforms.Build.0 = Release|x86
		{B8F463D4-05DB-47ED-987C-1447EC798192}.Release No Debug|Win32.ActiveCfg = Release|x86
		{B8F463D4-05DB-47ED-987C-1447EC798192}.Release No Debug|x86.ActiveCfg = Debug|x86
		{B8F463D4-05DB-47ED-987C-1447EC798192}.Release No Debug|x86.Build.0 = Debug|x86
		{B8F463D4-05DB-47ED-987C-1447EC798192}.Release|Any CPU.ActiveCfg = Release|Any CPU
		{B8F463D4-05DB-47ED-987C-1447EC798192}.Release|Any CPU.Build.0 = Release|Any CPU
		{B8F463D4-05DB-47ED-987C-1447EC798192}.Release|Mixed Platforms.ActiveCfg = Release|x86
		{B8F463D4-05DB-47ED-987C-1447EC798192}.Release|Mixed Platforms.Build.0 = Release|x86
		{B8F463D4-05DB-47ED-987C-1447EC798192}.Release|Win32.ActiveCfg = Release|x86
		{B8F463D4-05DB-47ED-987C-1447EC798192}.Release|x86.ActiveCfg = Release|x86
		{B8F463D4-05DB-47ED-987C-1447EC798192}.Release|x86.Build.0 = Release|x86
		{F4CC546E-DB15-4471-A9AF-D0D75CCC59C5}.Debug|Any CPU.ActiveCfg = Debug|x86
		{F4CC546E-DB15-4471-A9AF-D0D75CCC59C5}.Debug|Mixed Platforms.ActiveCfg = Debug|x86
		{F4CC546E-DB15-4471-A9AF-D0D75CCC59C5}.Debug|Mixed Platforms.Build.0 = Debug|x86
		{F4CC546E-DB15-4471-A9AF-D0D75CCC59C5}.Debug|Win32.ActiveCfg = Debug|x86
		{F4CC546E-DB15-4471-A9AF-D0D75CCC59C5}.Debug|x86.ActiveCfg = Debug|x86
		{F4CC546E-DB15-4471-A9AF-D0D75CCC59C5}.Debug|x86.Build.0 = Debug|x86
		{F4CC546E-DB15-4471-A9AF-D0D75CCC59C5}.FinalRelease|Any CPU.ActiveCfg = FinalRelease|x86
		{F4CC546E-DB15-4471-A9AF-D0D75CCC59C5}.FinalRelease|Mixed Platforms.ActiveCfg = FinalRelease|x86
		{F4CC546E-DB15-4471-A9AF-D0D75CCC59C5}.FinalRelease|Mixed Platforms.Build.0 = FinalRelease|x86
		{F4CC546E-DB15-4471-A9AF-D0D75CCC59C5}.FinalRelease|Win32.ActiveCfg = FinalRelease|x86
		{F4CC546E-DB15-4471-A9AF-D0D75CCC59C5}.FinalRelease|x86.ActiveCfg = FinalRelease|x86
		{F4CC546E-DB15-4471-A9AF-D0D75CCC59C5}.FinalRelease|x86.Build.0 = FinalRelease|x86
		{F4CC546E-DB15-4471-A9AF-D0D75CCC59C5}.OptimizedDebug|Any CPU.ActiveCfg = Release|x86
		{F4CC546E-DB15-4471-A9AF-D0D75CCC59C5}.OptimizedDebug|Mixed Platforms.ActiveCfg = Release|x86
		{F4CC546E-DB15-4471-A9AF-D0D75CCC59C5}.OptimizedDebug|Mixed Platforms.Build.0 = Release|x86
		{F4CC546E-DB15-4471-A9AF-D0D75CCC59C5}.OptimizedDebug|Win32.ActiveCfg = Release|x86
		{F4CC546E-DB15-4471-A9AF-D0D75CCC59C5}.OptimizedDebug|x86.ActiveCfg = Release|x86
		{F4CC546E-DB15-4471-A9AF-D0D75CCC59C5}.OptimizedDebug|x86.Build.0 = Release|x86
		{F4CC546E-DB15-4471-A9AF-D0D75CCC59C5}.Release No Debug|Any CPU.ActiveCfg = Release|x86
		{F4CC546E-DB15-4471-A9AF-D0D75CCC59C5}.Release No Debug|Mixed Platforms.ActiveCfg = Release|x86
		{F4CC546E-DB15-4471-A9AF-D0D75CCC59C5}.Release No Debug|Win32.ActiveCfg = Release|x86
		{F4CC546E-DB15-4471-A9AF-D0D75CCC59C5}.Release No Debug|x86.ActiveCfg = Debug|x86
		{F4CC546E-DB15-4471-A9AF-D0D75CCC59C5}.Release|Any CPU.ActiveCfg = Release|x86
		{F4CC546E-DB15-4471-A9AF-D0D75CCC59C5}.Release|Mixed Platforms.ActiveCfg = Release|x86
		{F4CC546E-DB15-4471-A9AF-D0D75CCC59C5}.Release|Win32.ActiveCfg = Release|x86
		{F4CC546E-DB15-4471-A9AF-D0D75CCC59C5}.Release|x86.ActiveCfg = Release|x86
		{011FBBBB-63EE-4DEF-BC25-FF5D6FED5151}.Debug|Any CPU.ActiveCfg = Debug|x86
		{011FBBBB-63EE-4DEF-BC25-FF5D6FED5151}.Debug|Mixed Platforms.ActiveCfg = Debug|x86
		{011FBBBB-63EE-4DEF-BC25-FF5D6FED5151}.Debug|Mixed Platforms.Build.0 = Debug|x86
		{011FBBBB-63EE-4DEF-BC25-FF5D6FED5151}.Debug|Win32.ActiveCfg = Debug|x86
		{011FBBBB-63EE-4DEF-BC25-FF5D6FED5151}.Debug|x86.ActiveCfg = Debug|x86
		{011FBBBB-63EE-4DEF-BC25-FF5D6FED5151}.Debug|x86.Build.0 = Debug|x86
		{011FBBBB-63EE-4DEF-BC25-FF5D6FED5151}.FinalRelease|Any CPU.ActiveCfg = FinalRelease|x86
		{011FBBBB-63EE-4DEF-BC25-FF5D6FED5151}.FinalRelease|Mixed Platforms.ActiveCfg = FinalRelease|x86
		{011FBBBB-63EE-4DEF-BC25-FF5D6FED5151}.FinalRelease|Mixed Platforms.Build.0 = FinalRelease|x86
		{011FBBBB-63EE-4DEF-BC25-FF5D6FED5151}.FinalRelease|Win32.ActiveCfg = FinalRelease|x86
		{011FBBBB-63EE-4DEF-BC25-FF5D6FED5151}.FinalRelease|x86.ActiveCfg = FinalRelease|x86
		{011FBBBB-63EE-4DEF-BC25-FF5D6FED5151}.FinalRelease|x86.Build.0 = FinalRelease|x86
		{011FBBBB-63EE-4DEF-BC25-FF5D6FED5151}.OptimizedDebug|Any CPU.ActiveCfg = Release|x86
		{011FBBBB-63EE-4DEF-BC25-FF5D6FED5151}.OptimizedDebug|Mixed Platforms.ActiveCfg = Release|x86
		{011FBBBB-63EE-4DEF-BC25-FF5D6FED5151}.OptimizedDebug|Mixed Platforms.Build.0 = Release|x86
		{011FBBBB-63EE-4DEF-BC25-FF5D6FED5151}.OptimizedDebug|Win32.ActiveCfg = Release|x86
		{011FBBBB-63EE-4DEF-BC25-FF5D6FED5151}.OptimizedDebug|x86.ActiveCfg = Release|x86
		{011FBBBB-63EE-4DEF-BC25-FF5D6FED5151}.OptimizedDebug|x86.Build.0 = Release|x86
		{011FBBBB-63EE-4DEF-BC25-FF5D6FED5151}.Release No Debug|Any CPU.ActiveCfg = Release|x86
		{011FBBBB-63EE-4DEF-BC25-FF5D6FED5151}.Release No Debug|Mixed Platforms.ActiveCfg = Release|x86
		{011FBBBB-63EE-4DEF-BC25-FF5D6FED5151}.Release No Debug|Mixed Platforms.Build.0 = Release|x86
		{011FBBBB-63EE-4DEF-BC25-FF5D6FED5151}.Release No Debug|Win32.ActiveCfg = Release|x86
		{011FBBBB-63EE-4DEF-BC25-FF5D6FED5151}.Release No Debug|x86.ActiveCfg = Debug|x86
		{011FBBBB-63EE-4DEF-BC25-FF5D6FED5151}.Release No Debug|x86.Build.0 = Debug|x86
		{011FBBBB-63EE-4DEF-BC25-FF5D6FED5151}.Release|Any CPU.ActiveCfg = Release|x86
		{011FBBBB-63EE-4DEF-BC25-FF5D6FED5151}.Release|Mixed Platforms.ActiveCfg = Release|x86
		{011FBBBB-63EE-4DEF-BC25-FF5D6FED5151}.Release|Mixed Platforms.Build.0 = Release|x86
		{011FBBBB-63EE-4DEF-BC25-FF5D6FED5151}.Release|Win32.ActiveCfg = Release|x86
		{011FBBBB-63EE-4DEF-BC25-FF5D6FED5151}.Release|x86.ActiveCfg = Release|x86
		{011FBBBB-63EE-4DEF-BC25-FF5D6FED5151}.Release|x86.Build.0 = Release|x86
		{DD54DC38-8EEE-4C55-AA33-234F6B5B21A5}.Debug|Any CPU.ActiveCfg = Debug|x86
		{DD54DC38-8EEE-4C55-AA33-234F6B5B21A5}.Debug|Mixed Platforms.ActiveCfg = Debug|x86
		{DD54DC38-8EEE-4C55-AA33-234F6B5B21A5}.Debug|Mixed Platforms.Build.0 = Debug|x86
		{DD54DC38-8EEE-4C55-AA33-234F6B5B21A5}.Debug|Win32.ActiveCfg = Debug|x86
		{DD54DC38-8EEE-4C55-AA33-234F6B5B21A5}.Debug|x86.ActiveCfg = Debug|x86
		{DD54DC38-8EEE-4C55-AA33-234F6B5B21A5}.Debug|x86.Build.0 = Debug|x86
		{DD54DC38-8EEE-4C55-AA33-234F6B5B21A5}.FinalRelease|Any CPU.ActiveCfg = FinalRelease|x86
		{DD54DC38-8EEE-4C55-AA33-234F6B5B21A5}.FinalRelease|Mixed Platforms.ActiveCfg = FinalRelease|x86
		{DD54DC38-8EEE-4C55-AA33-234F6B5B21A5}.FinalRelease|Mixed Platforms.Build.0 = FinalRelease|x86
		{DD54DC38-8EEE-4C55-AA33-234F6B5B21A5}.FinalRelease|Win32.ActiveCfg = FinalRelease|x86
		{DD54DC38-8EEE-4C55-AA33-234F6B5B21A5}.FinalRelease|x86.ActiveCfg = FinalRelease|x86
		{DD54DC38-8EEE-4C55-AA33-234F6B5B21A5}.FinalRelease|x86.Build.0 = FinalRelease|x86
		{DD54DC38-8EEE-4C55-AA33-234F6B5B21A5}.OptimizedDebug|Any CPU.ActiveCfg = Release|x86
		{DD54DC38-8EEE-4C55-AA33-234F6B5B21A5}.OptimizedDebug|Mixed Platforms.ActiveCfg = Release|x86
		{DD54DC38-8EEE-4C55-AA33-234F6B5B21A5}.OptimizedDebug|Mixed Platforms.Build.0 = Release|x86
		{DD54DC38-8EEE-4C55-AA33-234F6B5B21A5}.OptimizedDebug|Win32.ActiveCfg = Release|x86
		{DD54DC38-8EEE-4C55-AA33-234F6B5B21A5}.OptimizedDebug|x86.ActiveCfg = Release|x86
		{DD54DC38-8EEE-4C55-AA33-234F6B5B21A5}.OptimizedDebug|x86.Build.0 = Release|x86
		{DD54DC38-8EEE-4C55-AA33-234F6B5B21A5}.Release No Debug|Any CPU.ActiveCfg = Release|x86
		{DD54DC38-8EEE-4C55-AA33-234F6B5B21A5}.Release No Debug|Mixed Platforms.ActiveCfg = Release|x86
		{DD54DC38-8EEE-4C55-AA33-234F6B5B21A5}.Release No Debug|Mixed Platforms.Build.0 = Release|x86
		{DD54DC38-8EEE-4C55-AA33-234F6B5B21A5}.Release No Debug|Win32.ActiveCfg = Release|x86
		{DD54DC38-8EEE-4C55-AA33-234F6B5B21A5}.Release No Debug|x86.ActiveCfg = Debug|x86
		{DD54DC38-8EEE-4C55-AA33-234F6B5B21A5}.Release No Debug|x86.Build.0 = Debug|x86
		{DD54DC38-8EEE-4C55-AA33-234F6B5B21A5}.Release|Any CPU.ActiveCfg = Release|x86
		{DD54DC38-8EEE-4C55-AA33-234F6B5B21A5}.Release|Mixed Platforms.ActiveCfg = Release|x86
		{DD54DC38-8EEE-4C55-AA33-234F6B5B21A5}.Release|Mixed Platforms.Build.0 = Release|x86
		{DD54DC38-8EEE-4C55-AA33-234F6B5B21A5}.Release|Win32.ActiveCfg = Release|x86
		{DD54DC38-8EEE-4C55-AA33-234F6B5B21A5}.Release|x86.ActiveCfg = Release|x86
		{DD54DC38-8EEE-4C55-AA33-234F6B5B21A5}.Release|x86.Build.0 = Release|x86
		{BCE3ACB3-047F-4972-B20E-7CCD12569656}.Debug|Any CPU.ActiveCfg = Debug|x86
		{BCE3ACB3-047F-4972-B20E-7CCD12569656}.Debug|Mixed Platforms.ActiveCfg = Debug|x86
		{BCE3ACB3-047F-4972-B20E-7CCD12569656}.Debug|Win32.ActiveCfg = Debug|x86
		{BCE3ACB3-047F-4972-B20E-7CCD12569656}.Debug|x86.ActiveCfg = Debug|x86
		{BCE3ACB3-047F-4972-B20E-7CCD12569656}.FinalRelease|Any CPU.ActiveCfg = Release|x86
		{BCE3ACB3-047F-4972-B20E-7CCD12569656}.FinalRelease|Mixed Platforms.ActiveCfg = Release|x86
		{BCE3ACB3-047F-4972-B20E-7CCD12569656}.FinalRelease|Win32.ActiveCfg = Release|x86
		{BCE3ACB3-047F-4972-B20E-7CCD12569656}.FinalRelease|x86.ActiveCfg = Release|x86
		{BCE3ACB3-047F-4972-B20E-7CCD12569656}.OptimizedDebug|Any CPU.ActiveCfg = Release|x86
		{BCE3ACB3-047F-4972-B20E-7CCD12569656}.OptimizedDebug|Mixed Platforms.ActiveCfg = Release|x86
		{BCE3ACB3-047F-4972-B20E-7CCD12569656}.OptimizedDebug|Win32.ActiveCfg = Release|x86
		{BCE3ACB3-047F-4972-B20E-7CCD12569656}.OptimizedDebug|x86.ActiveCfg = Release|x86
		{BCE3ACB3-047F-4972-B20E-7CCD12569656}.Release No Debug|Any CPU.ActiveCfg = Release No Debug|x86
		{BCE3ACB3-047F-4972-B20E-7CCD12569656}.Release No Debug|Mixed Platforms.ActiveCfg = Release No Debug|x86
		{BCE3ACB3-047F-4972-B20E-7CCD12569656}.Release No Debug|Win32.ActiveCfg = Release No Debug|x86
		{BCE3ACB3-047F-4972-B20E-7CCD12569656}.Release No Debug|x86.ActiveCfg = Release No Debug|x86
		{BCE3ACB3-047F-4972-B20E-7CCD12569656}.Release|Any CPU.ActiveCfg = Release|x86
		{BCE3ACB3-047F-4972-B20E-7CCD12569656}.Release|Mixed Platforms.ActiveCfg = Release|x86
		{BCE3ACB3-047F-4972-B20E-7CCD12569656}.Release|Win32.ActiveCfg = Release|x86
		{BCE3ACB3-047F-4972-B20E-7CCD12569656}.Release|x86.ActiveCfg = Release|x86
		{46B4BD5F-84B7-47D8-9E3F-DDE2D0E78043}.Debug|Any CPU.ActiveCfg = Debug|x86
		{46B4BD5F-84B7-47D8-9E3F-DDE2D0E78043}.Debug|Mixed Platforms.ActiveCfg = Debug|x86
		{46B4BD5F-84B7-47D8-9E3F-DDE2D0E78043}.Debug|Win32.ActiveCfg = Debug|x86
		{46B4BD5F-84B7-47D8-9E3F-DDE2D0E78043}.Debug|x86.ActiveCfg = Debug|x86
		{46B4BD5F-84B7-47D8-9E3F-DDE2D0E78043}.FinalRelease|Any CPU.ActiveCfg = Release|x86
		{46B4BD5F-84B7-47D8-9E3F-DDE2D0E78043}.FinalRelease|Mixed Platforms.ActiveCfg = Release|x86
		{46B4BD5F-84B7-47D8-9E3F-DDE2D0E78043}.FinalRelease|Win32.ActiveCfg = Release|x86
		{46B4BD5F-84B7-47D8-9E3F-DDE2D0E78043}.FinalRelease|x86.ActiveCfg = Release|x86
		{46B4BD5F-84B7-47D8-9E3F-DDE2D0E78043}.OptimizedDebug|Any CPU.ActiveCfg = Release|x86
		{46B4BD5F-84B7-47D8-9E3F-DDE2D0E78043}.OptimizedDebug|Mixed Platforms.ActiveCfg = Release|x86
		{46B4BD5F-84B7-47D8-9E3F-DDE2D0E78043}.OptimizedDebug|Win32.ActiveCfg = Release|x86
		{46B4BD5F-84B7-47D8-9E3F-DDE2D0E78043}.OptimizedDebug|x86.ActiveCfg = Release|x86
		{46B4BD5F-84B7-47D8-9E3F-DDE2D0E78043}.Release No Debug|Any CPU.ActiveCfg = Release No Debug|x86
		{46B4BD5F-84B7-47D8-9E3F-DDE2D0E78043}.Release No Debug|Mixed Platforms.ActiveCfg = Release No Debug|x86
		{46B4BD5F-84B7-47D8-9E3F-DDE2D0E78043}.Release No Debug|Win32.ActiveCfg = Release No Debug|x86
		{46B4BD5F-84B7-47D8-9E3F-DDE2D0E78043}.Release No Debug|x86.ActiveCfg = Release No Debug|x86
		{46B4BD5F-84B7-47D8-9E3F-DDE2D0E78043}.Release|Any CPU.ActiveCfg = Release|x86
		{46B4BD5F-84B7-47D8-9E3F-DDE2D0E78043}.Release|Mixed Platforms.ActiveCfg = Release|x86
		{46B4BD5F-84B7-47D8-9E3F-DDE2D0E78043}.Release|Win32.ActiveCfg = Release|x86
		{46B4BD5F-84B7-47D8-9E3F-DDE2D0E78043}.Release|x86.ActiveCfg = Release|x86
		{80E2191B-6F95-4F75-BEE3-215725B4121E}.Debug|Any CPU.ActiveCfg = Debug|x86
		{80E2191B-6F95-4F75-BEE3-215725B4121E}.Debug|Mixed Platforms.ActiveCfg = Debug|x86
		{80E2191B-6F95-4F75-BEE3-215725B4121E}.Debug|Win32.ActiveCfg = Debug|x86
		{80E2191B-6F95-4F75-BEE3-215725B4121E}.Debug|x86.ActiveCfg = Debug|x86
		{80E2191B-6F95-4F75-BEE3-215725B4121E}.FinalRelease|Any CPU.ActiveCfg = Release|x86
		{80E2191B-6F95-4F75-BEE3-215725B4121E}.FinalRelease|Mixed Platforms.ActiveCfg = Release|x86
		{80E2191B-6F95-4F75-BEE3-215725B4121E}.FinalRelease|Win32.ActiveCfg = Release|x86
		{80E2191B-6F95-4F75-BEE3-215725B4121E}.FinalRelease|x86.ActiveCfg = Release|x86
		{80E2191B-6F95-4F75-BEE3-215725B4121E}.OptimizedDebug|Any CPU.ActiveCfg = Release|x86
		{80E2191B-6F95-4F75-BEE3-215725B4121E}.OptimizedDebug|Mixed Platforms.ActiveCfg = Release|x86
		{80E2191B-6F95-4F75-BEE3-215725B4121E}.OptimizedDebug|Win32.ActiveCfg = Release|x86
		{80E2191B-6F95-4F75-BEE3-215725B4121E}.OptimizedDebug|x86.ActiveCfg = Release|x86
		{80E2191B-6F95-4F75-BEE3-215725B4121E}.Release No Debug|Any CPU.ActiveCfg = Release No Debug|x86
		{80E2191B-6F95-4F75-BEE3-215725B4121E}.Release No Debug|Mixed Platforms.ActiveCfg = Release No Debug|x86
		{80E2191B-6F95-4F75-BEE3-215725B4121E}.Release No Debug|Win32.ActiveCfg = Release No Debug|x86
		{80E2191B-6F95-4F75-BEE3-215725B4121E}.Release No Debug|x86.ActiveCfg = Release No Debug|x86
		{80E2191B-6F95-4F75-BEE3-215725B4121E}.Release|Any CPU.ActiveCfg = Release|x86
		{80E2191B-6F95-4F75-BEE3-215725B4121E}.Release|Mixed Platforms.ActiveCfg = Release|x86
		{80E2191B-6F95-4F75-BEE3-215725B4121E}.Release|Win32.ActiveCfg = Release|x86
		{80E2191B-6F95-4F75-BEE3-215725B4121E}.Release|x86.ActiveCfg = Release|x86
		{ECCB76D0-E2DE-4BEF-A214-380EEB68EDD9}.Debug|Any CPU.ActiveCfg = Debug|Win32
		{ECCB76D0-E2DE-4BEF-A214-380EEB68EDD9}.Debug|Mixed Platforms.ActiveCfg = Debug|Win32
		{ECCB76D0-E2DE-4BEF-A214-380EEB68EDD9}.Debug|Mixed Platforms.Build.0 = Debug|Win32
		{ECCB76D0-E2DE-4BEF-A214-380EEB68EDD9}.Debug|Win32.ActiveCfg = Debug|Win32
		{ECCB76D0-E2DE-4BEF-A214-380EEB68EDD9}.Debug|Win32.Build.0 = Debug|Win32
		{ECCB76D0-E2DE-4BEF-A214-380EEB68EDD9}.Debug|x86.ActiveCfg = Debug|Win32
		{ECCB76D0-E2DE-4BEF-A214-380EEB68EDD9}.FinalRelease|Any CPU.ActiveCfg = Release|Win32
		{ECCB76D0-E2DE-4BEF-A214-380EEB68EDD9}.FinalRelease|Mixed Platforms.ActiveCfg = Release|Win32
		{ECCB76D0-E2DE-4BEF-A214-380EEB68EDD9}.FinalRelease|Mixed Platforms.Build.0 = Release|Win32
		{ECCB76D0-E2DE-4BEF-A214-380EEB68EDD9}.FinalRelease|Win32.ActiveCfg = Release|Win32
		{ECCB76D0-E2DE-4BEF-A214-380EEB68EDD9}.FinalRelease|Win32.Build.0 = Release|Win32
		{ECCB76D0-E2DE-4BEF-A214-380EEB68EDD9}.FinalRelease|x86.ActiveCfg = Release|Win32
		{ECCB76D0-E2DE-4BEF-A214-380EEB68EDD9}.OptimizedDebug|Any CPU.ActiveCfg = Release|Win32
		{ECCB76D0-E2DE-4BEF-A214-380EEB68EDD9}.OptimizedDebug|Mixed Platforms.ActiveCfg = Release|Win32
		{ECCB76D0-E2DE-4BEF-A214-380EEB68EDD9}.OptimizedDebug|Mixed Platforms.Build.0 = Release|Win32
		{ECCB76D0-E2DE-4BEF-A214-380EEB68EDD9}.OptimizedDebug|Win32.ActiveCfg = Release|Win32
		{ECCB76D0-E2DE-4BEF-A214-380EEB68EDD9}.OptimizedDebug|Win32.Build.0 = Release|Win32
		{ECCB76D0-E2DE-4BEF-A214-380EEB68EDD9}.OptimizedDebug|x86.ActiveCfg = Release|Win32
		{ECCB76D0-E2DE-4BEF-A214-380EEB68EDD9}.Release No Debug|Any CPU.ActiveCfg = Release|Win32
		{ECCB76D0-E2DE-4BEF-A214-380EEB68EDD9}.Release No Debug|Mixed Platforms.ActiveCfg = Release|Win32
		{ECCB76D0-E2DE-4BEF-A214-380EEB68EDD9}.Release No Debug|Mixed Platforms.Build.0 = Release|Win32
		{ECCB76D0-E2DE-4BEF-A214-380EEB68EDD9}.Release No Debug|Win32.ActiveCfg = Debug|Win32
		{ECCB76D0-E2DE-4BEF-A214-380EEB68EDD9}.Release No Debug|Win32.Build.0 = Debug|Win32
		{ECCB76D0-E2DE-4BEF-A214-380EEB68EDD9}.Release No Debug|x86.ActiveCfg = Release|Win32
		{ECCB76D0-E2DE-4BEF-A214-380EEB68EDD9}.Release|Any CPU.ActiveCfg = Release|Win32
		{ECCB76D0-E2DE-4BEF-A214-380EEB68EDD9}.Release|Mixed Platforms.ActiveCfg = Release|Win32
		{ECCB76D0-E2DE-4BEF-A214-380EEB68EDD9}.Release|Win32.ActiveCfg = Release|Win32
		{ECCB76D0-E2DE-4BEF-A214-380EEB68EDD9}.Release|x86.ActiveCfg = Release|Win32
	EndGlobalSection
	GlobalSection(SolutionProperties) = preSolution
		HideSolutionNode = FALSE
	EndGlobalSection
	GlobalSection(NestedProjects) = preSolution
		{B8F463D4-05DB-47ED-987C-1447EC798192} = {79E3D6D0-8F23-4B5E-845B-E5863B2B81C8}
		{011FBBBB-63EE-4DEF-BC25-FF5D6FED5151} = {041A5A2E-B0FC-436C-8CBF-FC52E275757C}
		{DD54DC38-8EEE-4C55-AA33-234F6B5B21A5} = {041A5A2E-B0FC-436C-8CBF-FC52E275757C}
		{ECCB76D0-E2DE-4BEF-A214-380EEB68EDD9} = {041A5A2E-B0FC-436C-8CBF-FC52E275757C}
		{BCE3ACB3-047F-4972-B20E-7CCD12569656} = {7D0F9228-18DB-41DF-ADDF-5B87BF2BDDBD}
		{46B4BD5F-84B7-47D8-9E3F-DDE2D0E78043} = {7D0F9228-18DB-41DF-ADDF-5B87BF2BDDBD}
		{80E2191B-6F95-4F75-BEE3-215725B4121E} = {7D0F9228-18DB-41DF-ADDF-5B87BF2BDDBD}
		{F4CC546E-DB15-4471-A9AF-D0D75CCC59C5} = {7D0F9228-18DB-41DF-ADDF-5B87BF2BDDBD}
	EndGlobalSection
	GlobalSection(ExtensibilityGlobals) = postSolution
		ProjectTime_ProjectTimeVariables_Time = 19550000000
		BuildVersion_AssemblyInfoFilename = 
		BuildVersion_UseGlobalSettings = False
		BuildVersion_StartDate = 2010/7/1
		BuildVersion_BuildVersioningStyle = None.None.None.None
		BuildVersion_IncrementBeforeBuild = False
	EndGlobalSection
EndGlobal
